
Microsoft Visual Studio Solution File, Format Version 12.00
# Visual Studio 15
VisualStudioVersion = 15.0.26430.13
MinimumVisualStudioVersion = 10.0.40219.1
Project("{FAE04EC0-301F-11D3-BF4B-00C04F79EFBC}") = "LevelsBeyondBackendQuestion", "LevelsBeyondBackendQuestion\LevelsBeyondBackendQuestion.csproj", "{3995BC81-89AA-47CD-A855-6B053600F278}"
EndProject
Global
	GlobalSection(SolutionConfigurationPlatforms) = preSolution
		Debug|Any CPU = Debug|Any CPU
		Release|Any CPU = Release|Any CPU
	EndGlobalSection
	GlobalSection(ProjectConfigurationPlatforms) = postSolution
		{3995BC81-89AA-47CD-A855-6B053600F278}.Debug|Any CPU.ActiveCfg = Debug|Any CPU
		{3995BC81-89AA-47CD-A855-6B053600F278}.Debug|Any CPU.Build.0 = Debug|Any CPU
		{3995BC81-89AA-47CD-A855-6B053600F278}.Release|Any CPU.ActiveCfg = Release|Any CPU
		{3995BC81-89AA-47CD-A855-6B053600F278}.Release|Any CPU.Build.0 = Release|Any CPU
	EndGlobalSection
	GlobalSection(SolutionProperties) = preSolution
		HideSolutionNode = FALSE
	EndGlobalSection
EndGlobal
